
Microsoft Visual Studio Solution File, Format Version 12.00
# Visual Studio Version 16
VisualStudioVersion = 16.0.31205.134
MinimumVisualStudioVersion = 10.0.40219.1
Project("{FAE04EC0-301F-11D3-BF4B-00C04F79EFBC}") = "fukuv0527", "fukuv0527\fukuv0527.csproj", "{A1282B48-45C6-4485-A625-11F8CC61607D}"
EndProject
Global
	GlobalSection(SolutionConfigurationPlatforms) = preSolution
		Debug|Any CPU = Debug|Any CPU
		Release|Any CPU = Release|Any CPU
	EndGlobalSection
	GlobalSection(ProjectConfigurationPlatforms) = postSolution
		{A1282B48-45C6-4485-A625-11F8CC61607D}.Debug|Any CPU.ActiveCfg = Debug|Any CPU
		{A1282B48-45C6-4485-A625-11F8CC61607D}.Debug|Any CPU.Build.0 = Debug|Any CPU
		{A1282B48-45C6-4485-A625-11F8CC61607D}.Release|Any CPU.ActiveCfg = Release|Any CPU
		{A1282B48-45C6-4485-A625-11F8CC61607D}.Release|Any CPU.Build.0 = Release|Any CPU
	EndGlobalSection
	GlobalSection(SolutionProperties) = preSolution
		HideSolutionNode = FALSE
	EndGlobalSection
	GlobalSection(ExtensibilityGlobals) = postSolution
		SolutionGuid = {459E81B5-1A5C-4AFB-8FAB-58348568A58A}
	EndGlobalSection
EndGlobal
